
Microsoft Visual Studio Solution File, Format Version 12.00
Project("{FAE04EC0-301F-11D3-BF4B-00C04F79EFBC}") = "IMDBClone.Application", "IMDBClone.Application\IMDBClone.Application.csproj", "{98816AA7-2A19-4A14-AE42-D4AC3DD9B7E2}"
EndProject
Project("{2150E333-8FDC-42A3-9474-1A3956D46DE8}") = "src", "src", "{EB077196-3EC5-445C-A439-AEABDF37D2D9}"
EndProject
Project("{2150E333-8FDC-42A3-9474-1A3956D46DE8}") = "tests", "tests", "{5253036B-78C5-4E02-BF6B-FBD8554ECCF7}"
EndProject
Project("{FAE04EC0-301F-11D3-BF4B-00C04F79EFBC}") = "IMDBClone.Data", "IMDBClone.Data\IMDBClone.Data.csproj", "{6AE20CB4-01A2-4FA1-A9DD-3F04E577CB69}"
EndProject
Project("{FAE04EC0-301F-11D3-BF4B-00C04F79EFBC}") = "IMDBClone.Domain", "IMDBClone.Domain\IMDBClone.Domain.csproj", "{5F7DEFFF-AA47-4B51-AFE5-523907645A0F}"
EndProject
Global
	GlobalSection(SolutionConfigurationPlatforms) = preSolution
		Debug|Any CPU = Debug|Any CPU
		Release|Any CPU = Release|Any CPU
	EndGlobalSection
	GlobalSection(ProjectConfigurationPlatforms) = postSolution
		{98816AA7-2A19-4A14-AE42-D4AC3DD9B7E2}.Debug|Any CPU.ActiveCfg = Debug|Any CPU
		{98816AA7-2A19-4A14-AE42-D4AC3DD9B7E2}.Debug|Any CPU.Build.0 = Debug|Any CPU
		{98816AA7-2A19-4A14-AE42-D4AC3DD9B7E2}.Release|Any CPU.ActiveCfg = Release|Any CPU
		{98816AA7-2A19-4A14-AE42-D4AC3DD9B7E2}.Release|Any CPU.Build.0 = Release|Any CPU
		{6AE20CB4-01A2-4FA1-A9DD-3F04E577CB69}.Debug|Any CPU.ActiveCfg = Debug|Any CPU
		{6AE20CB4-01A2-4FA1-A9DD-3F04E577CB69}.Debug|Any CPU.Build.0 = Debug|Any CPU
		{6AE20CB4-01A2-4FA1-A9DD-3F04E577CB69}.Release|Any CPU.ActiveCfg = Release|Any CPU
		{6AE20CB4-01A2-4FA1-A9DD-3F04E577CB69}.Release|Any CPU.Build.0 = Release|Any CPU
		{5F7DEFFF-AA47-4B51-AFE5-523907645A0F}.Debug|Any CPU.ActiveCfg = Debug|Any CPU
		{5F7DEFFF-AA47-4B51-AFE5-523907645A0F}.Debug|Any CPU.Build.0 = Debug|Any CPU
		{5F7DEFFF-AA47-4B51-AFE5-523907645A0F}.Release|Any CPU.ActiveCfg = Release|Any CPU
		{5F7DEFFF-AA47-4B51-AFE5-523907645A0F}.Release|Any CPU.Build.0 = Release|Any CPU
	EndGlobalSection
	GlobalSection(NestedProjects) = preSolution
		{98816AA7-2A19-4A14-AE42-D4AC3DD9B7E2} = {EB077196-3EC5-445C-A439-AEABDF37D2D9}
		{6AE20CB4-01A2-4FA1-A9DD-3F04E577CB69} = {EB077196-3EC5-445C-A439-AEABDF37D2D9}
		{5F7DEFFF-AA47-4B51-AFE5-523907645A0F} = {EB077196-3EC5-445C-A439-AEABDF37D2D9}
	EndGlobalSection
EndGlobal
